github.com/samply/golang-fhir-models/fhir-models v0.3.2 h1:rdMFT5so500jqpDzWJ0bpOeIjqIWcK+czbbG/1RxgFk=
github.com/samply/golang-fhir-models/fhir-models v0.3.2/go.mod h1:6Yqror2rP2Hyxa2+MQLvvVzH4g6/fXoHUCVdI95VhTc=
golang.org/x/crypto v0.55.0 h1:+KWHjbgOaAQ66dh/YlkZKHlz9ZUlq61AFirAR9ntP8M=
golang.org/x/crypto v0.55.0/go.mod h1:uq0V9dE/fzQuJtbnL+2EhWOE63vo164FY8xqEnV9xis=
golang.org/x/sys v0.47.0 h1:o7XGOvZQCADBQQ4Y7VNq2dRWQR7JmOUW8Kxx4ZsNgWs=
golang.org/x/sys v0.47.0/go.mod h1:4GL1E5IUh+htKOUEOaiffhrAeqysfVGipDYzABqnCmw=
